// !$*UTF8*$!
{
	archiveVersion = 1;
	classes = {
	};
	objectVersion = 46;
	objects = {

/* Begin PBXBuildFile section */
		3500D24A1EBCD34F00BCB198 /* RCIntegerVector.h in Headers */ = {isa = PBXBuildFile; fileRef = 35380DD51EBA242500AF2E49 /* RCIntegerVector.h */; settings = {ATTRIBUTES = (Public, ); }; };
		3500D24B1EBCD35700BCB198 /* RCCharacterMatrix.h in Headers */ = {isa = PBXBuildFile; fileRef = 35380DDA1EBA247000AF2E49 /* RCCharacterMatrix.h */; settings = {ATTRIBUTES = (Public, ); }; };
		3500D24C1EBCD35C00BCB198 /* RCVector.h in Headers */ = {isa = PBXBuildFile; fileRef = 35380DDB1EBA25C500AF2E49 /* RCVector.h */; settings = {ATTRIBUTES = (Public, ); }; };
		3500D24D1EBCD36100BCB198 /* RCMatrix.h in Headers */ = {isa = PBXBuildFile; fileRef = 355F5B4F1EBA6D3E007248C4 /* RCMatrix.h */; settings = {ATTRIBUTES = (Public, ); }; };
		350155371EF85EA200AE80F7 /* RCFunction.m in Sources */ = {isa = PBXBuildFile; fileRef = 350155361EF85EA200AE80F7 /* RCFunction.m */; };
		3501553A1EF8626D00AE80F7 /* RCClosure.m in Sources */ = {isa = PBXBuildFile; fileRef = 350155391EF8626C00AE80F7 /* RCClosure.m */; };
		3501553C1EF8627800AE80F7 /* RCBuiltinFunction.m in Sources */ = {isa = PBXBuildFile; fileRef = 3501553B1EF8627800AE80F7 /* RCBuiltinFunction.m */; };
		350155401EF8629C00AE80F7 /* RCSpecialFunction.m in Sources */ = {isa = PBXBuildFile; fileRef = 3501553F1EF8629C00AE80F7 /* RCSpecialFunction.m */; };
		350155411EF9AD6000AE80F7 /* RCSpecialFunction.h in Headers */ = {isa = PBXBuildFile; fileRef = 3501553E1EF8629200AE80F7 /* RCSpecialFunction.h */; settings = {ATTRIBUTES = (Public, ); }; };
		350155421EF9AD6400AE80F7 /* RCBuiltinFunction.h in Headers */ = {isa = PBXBuildFile; fileRef = 3501553D1EF8628400AE80F7 /* RCBuiltinFunction.h */; settings = {ATTRIBUTES = (Public, ); }; };
		350155431EF9AD6900AE80F7 /* RCClosure.h in Headers */ = {isa = PBXBuildFile; fileRef = 350155381EF8626400AE80F7 /* RCClosure.h */; settings = {ATTRIBUTES = (Public, ); }; };
		350155441EF9AD6C00AE80F7 /* RCFunction.h in Headers */ = {isa = PBXBuildFile; fileRef = 350155351EF85E9300AE80F7 /* RCFunction.h */; settings = {ATTRIBUTES = (Public, ); }; };
		350C8C741E1E8FEF003DE3F8 /* RCocoa.h in Headers */ = {isa = PBXBuildFile; fileRef = 350C8C731E1E8FEF003DE3F8 /* RCocoa.h */; settings = {ATTRIBUTES = (Public, ); }; };
		350C8C7B1E1E8FF0003DE3F8 /* RCocoa.framework in Frameworks */ = {isa = PBXBuildFile; fileRef = 350C8C701E1E8FEF003DE3F8 /* RCocoa.framework */; };
		350C8C801E1E8FF0003DE3F8 /* RCEngineTests.m in Sources */ = {isa = PBXBuildFile; fileRef = 350C8C7F1E1E8FF0003DE3F8 /* RCEngineTests.m */; };
		350C8C8B1E1E903B003DE3F8 /* R.framework in Frameworks */ = {isa = PBXBuildFile; fileRef = 350C8C8A1E1E903B003DE3F8 /* R.framework */; };
		350F872B1E7C6EAE00796EE3 /* RCocoa.m in Sources */ = {isa = PBXBuildFile; fileRef = 350F872A1E7C6EAE00796EE3 /* RCocoa.m */; };
		352BEE691ECB6A9000D1166B /* RCRealMatrix.h in Headers */ = {isa = PBXBuildFile; fileRef = 352BEE681ECB6A9000D1166B /* RCRealMatrix.h */; settings = {ATTRIBUTES = (Public, ); }; };
		352BEE6B1ECB6A9700D1166B /* RCRealMatrix.m in Sources */ = {isa = PBXBuildFile; fileRef = 352BEE6A1ECB6A9700D1166B /* RCRealMatrix.m */; };
		352BEE6D1ECB6AFC00D1166B /* RRealMatrixTests.m in Sources */ = {isa = PBXBuildFile; fileRef = 352BEE6C1ECB6AFC00D1166B /* RRealMatrixTests.m */; };
		35380DD71EBA244000AF2E49 /* RCIntegerVector.m in Sources */ = {isa = PBXBuildFile; fileRef = 35380DD61EBA244000AF2E49 /* RCIntegerVector.m */; };
		35380DD91EBA246100AF2E49 /* RCCharacterMatrix.m in Sources */ = {isa = PBXBuildFile; fileRef = 35380DD81EBA246100AF2E49 /* RCCharacterMatrix.m */; };
		35380DDD1EBA25D100AF2E49 /* RCVector.m in Sources */ = {isa = PBXBuildFile; fileRef = 35380DDC1EBA25D100AF2E49 /* RCVector.m */; };
		35380DDF1EBA28F700AF2E49 /* RVectorTests.m in Sources */ = {isa = PBXBuildFile; fileRef = 35380DDE1EBA28F700AF2E49 /* RVectorTests.m */; };
		353870501ECD45C900B253F2 /* RCLogicalMatrix.h in Headers */ = {isa = PBXBuildFile; fileRef = 355218401ECB61650011C53F /* RCLogicalMatrix.h */; settings = {ATTRIBUTES = (Public, ); }; };
		353870511ECD45D000B253F2 /* RCDataFrame.h in Headers */ = {isa = PBXBuildFile; fileRef = 35B564F01ECB965E003F347E /* RCDataFrame.h */; settings = {ATTRIBUTES = (Public, ); }; };
		353870521ECD45D600B253F2 /* RCIntegerMatrix.h in Headers */ = {isa = PBXBuildFile; fileRef = 35D14D281ECB65F800B77A3E /* RCIntegerMatrix.h */; settings = {ATTRIBUTES = (Public, ); }; };
		3552183A1ECB512C0011C53F /* RMatrixTests.m in Sources */ = {isa = PBXBuildFile; fileRef = 355218391ECB512C0011C53F /* RMatrixTests.m */; };
		3552183C1ECB513A0011C53F /* RCharacterMatrixTests.m in Sources */ = {isa = PBXBuildFile; fileRef = 3552183B1ECB513A0011C53F /* RCharacterMatrixTests.m */; };
		3552183F1ECB615C0011C53F /* RCLogicalMatrix.m in Sources */ = {isa = PBXBuildFile; fileRef = 3552183E1ECB615C0011C53F /* RCLogicalMatrix.m */; };
		355218421ECB62AC0011C53F /* RLogicalMatrixTests.m in Sources */ = {isa = PBXBuildFile; fileRef = 355218411ECB62AC0011C53F /* RLogicalMatrixTests.m */; };
		35594B201EBCE0F200DD15C8 /* RCSymbolicExpression.h in Headers */ = {isa = PBXBuildFile; fileRef = 35A231461EA00CA6008AA1EF /* RCSymbolicExpression.h */; settings = {ATTRIBUTES = (Public, ); }; };
		355F5B511EBA6D4F007248C4 /* RCMatrix.m in Sources */ = {isa = PBXBuildFile; fileRef = 355F5B501EBA6D4F007248C4 /* RCMatrix.m */; };
		35A231481EA00CC4008AA1EF /* RCSymbolicExpression.m in Sources */ = {isa = PBXBuildFile; fileRef = 35A231471EA00CC4008AA1EF /* RCSymbolicExpression.m */; };
		35A231531EA00DC7008AA1EF /* RCEngine.h in Headers */ = {isa = PBXBuildFile; fileRef = 35A2314B1EA00DC7008AA1EF /* RCEngine.h */; settings = {ATTRIBUTES = (Public, ); }; };
		35A231541EA00DC7008AA1EF /* RCEngine.m in Sources */ = {isa = PBXBuildFile; fileRef = 35A2314C1EA00DC7008AA1EF /* RCEngine.m */; };
		35A231551EA00DC7008AA1EF /* Rinit.h in Headers */ = {isa = PBXBuildFile; fileRef = 35A2314D1EA00DC7008AA1EF /* Rinit.h */; };
		35A231561EA00DC7008AA1EF /* Rinit.m in Sources */ = {isa = PBXBuildFile; fileRef = 35A2314E1EA00DC7008AA1EF /* Rinit.m */; };
		35A231571EA00DC7008AA1EF /* RSEXP.h in Headers */ = {isa = PBXBuildFile; fileRef = 35A2314F1EA00DC7008AA1EF /* RSEXP.h */; settings = {ATTRIBUTES = (Public, ); }; };
		35A231581EA00DC7008AA1EF /* RSEXP.m in Sources */ = {isa = PBXBuildFile; fileRef = 35A231501EA00DC7008AA1EF /* RSEXP.m */; };
		35A2315A1EA010EF008AA1EF /* RSymbolicExpressionTests.m in Sources */ = {isa = PBXBuildFile; fileRef = 35A231591EA010EF008AA1EF /* RSymbolicExpressionTests.m */; };
		35B4B6491EC656DA00834E3F /* RIntegerVectorTests.m in Sources */ = {isa = PBXBuildFile; fileRef = 35B4B6481EC656DA00834E3F /* RIntegerVectorTests.m */; };
		35B564EF1ECB9653003F347E /* RCDataFrame.m in Sources */ = {isa = PBXBuildFile; fileRef = 35B564EE1ECB9653003F347E /* RCDataFrame.m */; };
		35B564F21ECB9779003F347E /* RDataFrameTests.m in Sources */ = {isa = PBXBuildFile; fileRef = 35B564F11ECB9779003F347E /* RDataFrameTests.m */; };
		35D14D2A1ECB660600B77A3E /* RCIntegerMatrix.m in Sources */ = {isa = PBXBuildFile; fileRef = 35D14D291ECB660600B77A3E /* RCIntegerMatrix.m */; };
		35D14D2C1ECB667300B77A3E /* RIntegerMatrixTests.m in Sources */ = {isa = PBXBuildFile; fileRef = 35D14D2B1ECB667300B77A3E /* RIntegerMatrixTests.m */; };
/* End PBXBuildFile section */

/* Begin PBXContainerItemProxy section */
		350C8C7C1E1E8FF0003DE3F8 /* PBXContainerItemProxy */ = {
			isa = PBXContainerItemProxy;
			containerPortal = 350C8C671E1E8FEF003DE3F8 /* Project object */;
			proxyType = 1;
			remoteGlobalIDString = 350C8C6F1E1E8FEF003DE3F8;
			remoteInfo = RAutomation;
		};
/* End PBXContainerItemProxy section */

/* Begin PBXFileReference section */
		350155351EF85E9300AE80F7 /* RCFunction.h */ = {isa = PBXFileReference; lastKnownFileType = sourcecode.c.h; path = RCFunction.h; sourceTree = "<group>"; };
		350155361EF85EA200AE80F7 /* RCFunction.m */ = {isa = PBXFileReference; fileEncoding = 4; lastKnownFileType = sourcecode.c.objc; path = RCFunction.m; sourceTree = "<group>"; };
		350155381EF8626400AE80F7 /* RCClosure.h */ = {isa = PBXFileReference; lastKnownFileType = sourcecode.c.h; path = RCClosure.h; sourceTree = "<group>"; };
		350155391EF8626C00AE80F7 /* RCClosure.m */ = {isa = PBXFileReference; fileEncoding = 4; lastKnownFileType = sourcecode.c.objc; path = RCClosure.m; sourceTree = "<group>"; };
		3501553B1EF8627800AE80F7 /* RCBuiltinFunction.m */ = {isa = PBXFileReference; fileEncoding = 4; lastKnownFileType = sourcecode.c.objc; path = RCBuiltinFunction.m; sourceTree = "<group>"; };
		3501553D1EF8628400AE80F7 /* RCBuiltinFunction.h */ = {isa = PBXFileReference; lastKnownFileType = sourcecode.c.h; path = RCBuiltinFunction.h; sourceTree = "<group>"; };
		3501553E1EF8629200AE80F7 /* RCSpecialFunction.h */ = {isa = PBXFileReference; lastKnownFileType = sourcecode.c.h; path = RCSpecialFunction.h; sourceTree = "<group>"; };
		3501553F1EF8629C00AE80F7 /* RCSpecialFunction.m */ = {isa = PBXFileReference; fileEncoding = 4; lastKnownFileType = sourcecode.c.objc; path = RCSpecialFunction.m; sourceTree = "<group>"; };
		350C8C701E1E8FEF003DE3F8 /* RCocoa.framework */ = {isa = PBXFileReference; explicitFileType = wrapper.framework; includeInIndex = 0; path = RCocoa.framework; sourceTree = BUILT_PRODUCTS_DIR; };
		350C8C731E1E8FEF003DE3F8 /* RCocoa.h */ = {isa = PBXFileReference; lastKnownFileType = sourcecode.c.h; path = RCocoa.h; sourceTree = "<group>"; };
		350C8C751E1E8FEF003DE3F8 /* Info.plist */ = {isa = PBXFileReference; lastKnownFileType = text.plist.xml; path = Info.plist; sourceTree = "<group>"; };
		350C8C7A1E1E8FF0003DE3F8 /* RCocoa.xctest */ = {isa = PBXFileReference; explicitFileType = wrapper.cfbundle; includeInIndex = 0; path = RCocoa.xctest; sourceTree = BUILT_PRODUCTS_DIR; };
		350C8C7F1E1E8FF0003DE3F8 /* RCEngineTests.m */ = {isa = PBXFileReference; lastKnownFileType = sourcecode.c.objc; path = RCEngineTests.m; sourceTree = "<group>"; };
		350C8C811E1E8FF0003DE3F8 /* Info.plist */ = {isa = PBXFileReference; lastKnownFileType = text.plist.xml; path = Info.plist; sourceTree = "<group>"; };
		350C8C8A1E1E903B003DE3F8 /* R.framework */ = {isa = PBXFileReference; lastKnownFileType = wrapper.framework; name = R.framework; path = ../../../../../Library/Frameworks/R.framework; sourceTree = "<group>"; };
		350F872A1E7C6EAE00796EE3 /* RCocoa.m */ = {isa = PBXFileReference; fileEncoding = 4; lastKnownFileType = sourcecode.c.objc; path = RCocoa.m; sourceTree = "<group>"; };
		352BEE681ECB6A9000D1166B /* RCRealMatrix.h */ = {isa = PBXFileReference; fileEncoding = 4; lastKnownFileType = sourcecode.c.h; path = RCRealMatrix.h; sourceTree = "<group>"; };
		352BEE6A1ECB6A9700D1166B /* RCRealMatrix.m */ = {isa = PBXFileReference; fileEncoding = 4; lastKnownFileType = sourcecode.c.objc; path = RCRealMatrix.m; sourceTree = "<group>"; };
		352BEE6C1ECB6AFC00D1166B /* RRealMatrixTests.m */ = {isa = PBXFileReference; fileEncoding = 4; lastKnownFileType = sourcecode.c.objc; path = RRealMatrixTests.m; sourceTree = "<group>"; };
		35380DD51EBA242500AF2E49 /* RCIntegerVector.h */ = {isa = PBXFileReference; lastKnownFileType = sourcecode.c.h; path = RCIntegerVector.h; sourceTree = "<group>"; };
		35380DD61EBA244000AF2E49 /* RCIntegerVector.m */ = {isa = PBXFileReference; fileEncoding = 4; lastKnownFileType = sourcecode.c.objc; path = RCIntegerVector.m; sourceTree = "<group>"; };
		35380DD81EBA246100AF2E49 /* RCCharacterMatrix.m */ = {isa = PBXFileReference; fileEncoding = 4; lastKnownFileType = sourcecode.c.objc; path = RCCharacterMatrix.m; sourceTree = "<group>"; };
		35380DDA1EBA247000AF2E49 /* RCCharacterMatrix.h */ = {isa = PBXFileReference; lastKnownFileType = sourcecode.c.h; path = RCCharacterMatrix.h; sourceTree = "<group>"; };
		35380DDB1EBA25C500AF2E49 /* RCVector.h */ = {isa = PBXFileReference; lastKnownFileType = sourcecode.c.h; path = RCVector.h; sourceTree = "<group>"; };
		35380DDC1EBA25D100AF2E49 /* RCVector.m */ = {isa = PBXFileReference; fileEncoding = 4; lastKnownFileType = sourcecode.c.objc; path = RCVector.m; sourceTree = "<group>"; };
		35380DDE1EBA28F700AF2E49 /* RVectorTests.m */ = {isa = PBXFileReference; fileEncoding = 4; lastKnownFileType = sourcecode.c.objc; path = RVectorTests.m; sourceTree = "<group>"; };
		355218391ECB512C0011C53F /* RMatrixTests.m */ = {isa = PBXFileReference; fileEncoding = 4; lastKnownFileType = sourcecode.c.objc; path = RMatrixTests.m; sourceTree = "<group>"; };
		3552183B1ECB513A0011C53F /* RCharacterMatrixTests.m */ = {isa = PBXFileReference; fileEncoding = 4; lastKnownFileType = sourcecode.c.objc; path = RCharacterMatrixTests.m; sourceTree = "<group>"; };
		3552183E1ECB615C0011C53F /* RCLogicalMatrix.m */ = {isa = PBXFileReference; fileEncoding = 4; lastKnownFileType = sourcecode.c.objc; path = RCLogicalMatrix.m; sourceTree = "<group>"; };
		355218401ECB61650011C53F /* RCLogicalMatrix.h */ = {isa = PBXFileReference; lastKnownFileType = sourcecode.c.h; path = RCLogicalMatrix.h; sourceTree = "<group>"; };
		355218411ECB62AC0011C53F /* RLogicalMatrixTests.m */ = {isa = PBXFileReference; fileEncoding = 4; lastKnownFileType = sourcecode.c.objc; path = RLogicalMatrixTests.m; sourceTree = "<group>"; };
		355F5B4F1EBA6D3E007248C4 /* RCMatrix.h */ = {isa = PBXFileReference; lastKnownFileType = sourcecode.c.h; path = RCMatrix.h; sourceTree = "<group>"; };
		355F5B501EBA6D4F007248C4 /* RCMatrix.m */ = {isa = PBXFileReference; fileEncoding = 4; lastKnownFileType = sourcecode.c.objc; path = RCMatrix.m; sourceTree = "<group>"; };
		35A231461EA00CA6008AA1EF /* RCSymbolicExpression.h */ = {isa = PBXFileReference; lastKnownFileType = sourcecode.c.h; path = RCSymbolicExpression.h; sourceTree = "<group>"; };
		35A231471EA00CC4008AA1EF /* RCSymbolicExpression.m */ = {isa = PBXFileReference; fileEncoding = 4; lastKnownFileType = sourcecode.c.objc; path = RCSymbolicExpression.m; sourceTree = "<group>"; };
		35A2314B1EA00DC7008AA1EF /* RCEngine.h */ = {isa = PBXFileReference; fileEncoding = 4; lastKnownFileType = sourcecode.c.h; path = RCEngine.h; sourceTree = "<group>"; };
		35A2314C1EA00DC7008AA1EF /* RCEngine.m */ = {isa = PBXFileReference; fileEncoding = 4; lastKnownFileType = sourcecode.c.objc; path = RCEngine.m; sourceTree = "<group>"; };
		35A2314D1EA00DC7008AA1EF /* Rinit.h */ = {isa = PBXFileReference; fileEncoding = 4; lastKnownFileType = sourcecode.c.h; path = Rinit.h; sourceTree = "<group>"; };
		35A2314E1EA00DC7008AA1EF /* Rinit.m */ = {isa = PBXFileReference; fileEncoding = 4; lastKnownFileType = sourcecode.c.objc; path = Rinit.m; sourceTree = "<group>"; };
		35A2314F1EA00DC7008AA1EF /* RSEXP.h */ = {isa = PBXFileReference; fileEncoding = 4; lastKnownFileType = sourcecode.c.h; path = RSEXP.h; sourceTree = "<group>"; };
		35A231501EA00DC7008AA1EF /* RSEXP.m */ = {isa = PBXFileReference; fileEncoding = 4; lastKnownFileType = sourcecode.c.objc; path = RSEXP.m; sourceTree = "<group>"; };
		35A231591EA010EF008AA1EF /* RSymbolicExpressionTests.m */ = {isa = PBXFileReference; fileEncoding = 4; lastKnownFileType = sourcecode.c.objc; path = RSymbolicExpressionTests.m; sourceTree = "<group>"; };
		35B4B6481EC656DA00834E3F /* RIntegerVectorTests.m */ = {isa = PBXFileReference; fileEncoding = 4; lastKnownFileType = sourcecode.c.objc; path = RIntegerVectorTests.m; sourceTree = "<group>"; };
		35B564EE1ECB9653003F347E /* RCDataFrame.m */ = {isa = PBXFileReference; fileEncoding = 4; lastKnownFileType = sourcecode.c.objc; path = RCDataFrame.m; sourceTree = "<group>"; };
		35B564F01ECB965E003F347E /* RCDataFrame.h */ = {isa = PBXFileReference; lastKnownFileType = sourcecode.c.h; path = RCDataFrame.h; sourceTree = "<group>"; };
		35B564F11ECB9779003F347E /* RDataFrameTests.m */ = {isa = PBXFileReference; fileEncoding = 4; lastKnownFileType = sourcecode.c.objc; path = RDataFrameTests.m; sourceTree = "<group>"; };
		35D14D281ECB65F800B77A3E /* RCIntegerMatrix.h */ = {isa = PBXFileReference; lastKnownFileType = sourcecode.c.h; path = RCIntegerMatrix.h; sourceTree = "<group>"; };
		35D14D291ECB660600B77A3E /* RCIntegerMatrix.m */ = {isa = PBXFileReference; fileEncoding = 4; lastKnownFileType = sourcecode.c.objc; path = RCIntegerMatrix.m; sourceTree = "<group>"; };
		35D14D2B1ECB667300B77A3E /* RIntegerMatrixTests.m */ = {isa = PBXFileReference; fileEncoding = 4; lastKnownFileType = sourcecode.c.objc; path = RIntegerMatrixTests.m; sourceTree = "<group>"; };
/* End PBXFileReference section */

/* Begin PBXFrameworksBuildPhase section */
		350C8C6C1E1E8FEF003DE3F8 /* Frameworks */ = {
			isa = PBXFrameworksBuildPhase;
			buildActionMask = 2147483647;
			files = (
				350C8C8B1E1E903B003DE3F8 /* R.framework in Frameworks */,
			);
			runOnlyForDeploymentPostprocessing = 0;
		};
		350C8C771E1E8FF0003DE3F8 /* Frameworks */ = {
			isa = PBXFrameworksBuildPhase;
			buildActionMask = 2147483647;
			files = (
				350C8C7B1E1E8FF0003DE3F8 /* RCocoa.framework in Frameworks */,
			);
			runOnlyForDeploymentPostprocessing = 0;
		};
/* End PBXFrameworksBuildPhase section */

/* Begin PBXGroup section */
		350C8C661E1E8FEF003DE3F8 = {
			isa = PBXGroup;
			children = (
				350C8C8A1E1E903B003DE3F8 /* R.framework */,
				350C8C721E1E8FEF003DE3F8 /* RCocoa */,
				350C8C7E1E1E8FF0003DE3F8 /* RCocoaTests */,
				350C8C711E1E8FEF003DE3F8 /* Products */,
			);
			sourceTree = "<group>";
		};
		350C8C711E1E8FEF003DE3F8 /* Products */ = {
			isa = PBXGroup;
			children = (
				350C8C701E1E8FEF003DE3F8 /* RCocoa.framework */,
				350C8C7A1E1E8FF0003DE3F8 /* RCocoa.xctest */,
			);
			name = Products;
			sourceTree = "<group>";
		};
		350C8C721E1E8FEF003DE3F8 /* RCocoa */ = {
			isa = PBXGroup;
			children = (
				350C8C751E1E8FEF003DE3F8 /* Info.plist */,
				350C8C731E1E8FEF003DE3F8 /* RCocoa.h */,
				350F872A1E7C6EAE00796EE3 /* RCocoa.m */,
				35380DDA1EBA247000AF2E49 /* RCCharacterMatrix.h */,
				35380DD81EBA246100AF2E49 /* RCCharacterMatrix.m */,
				35B564F01ECB965E003F347E /* RCDataFrame.h */,
				35B564EE1ECB9653003F347E /* RCDataFrame.m */,
				35A2314B1EA00DC7008AA1EF /* RCEngine.h */,
				35A2314C1EA00DC7008AA1EF /* RCEngine.m */,
				35A2314D1EA00DC7008AA1EF /* Rinit.h */,
				35A2314E1EA00DC7008AA1EF /* Rinit.m */,
				35D14D281ECB65F800B77A3E /* RCIntegerMatrix.h */,
				35D14D291ECB660600B77A3E /* RCIntegerMatrix.m */,
				35380DD51EBA242500AF2E49 /* RCIntegerVector.h */,
				35380DD61EBA244000AF2E49 /* RCIntegerVector.m */,
				355218401ECB61650011C53F /* RCLogicalMatrix.h */,
				3552183E1ECB615C0011C53F /* RCLogicalMatrix.m */,
				355F5B4F1EBA6D3E007248C4 /* RCMatrix.h */,
				355F5B501EBA6D4F007248C4 /* RCMatrix.m */,
				352BEE681ECB6A9000D1166B /* RCRealMatrix.h */,
				352BEE6A1ECB6A9700D1166B /* RCRealMatrix.m */,
				35A2314F1EA00DC7008AA1EF /* RSEXP.h */,
				35A231501EA00DC7008AA1EF /* RSEXP.m */,
				35A231461EA00CA6008AA1EF /* RCSymbolicExpression.h */,
				35A231471EA00CC4008AA1EF /* RCSymbolicExpression.m */,
				35380DDB1EBA25C500AF2E49 /* RCVector.h */,
				35380DDC1EBA25D100AF2E49 /* RCVector.m */,
				350155351EF85E9300AE80F7 /* RCFunction.h */,
				350155361EF85EA200AE80F7 /* RCFunction.m */,
				350155381EF8626400AE80F7 /* RCClosure.h */,
				350155391EF8626C00AE80F7 /* RCClosure.m */,
				3501553D1EF8628400AE80F7 /* RCBuiltinFunction.h */,
				3501553B1EF8627800AE80F7 /* RCBuiltinFunction.m */,
				3501553E1EF8629200AE80F7 /* RCSpecialFunction.h */,
				3501553F1EF8629C00AE80F7 /* RCSpecialFunction.m */,
			);
			path = RCocoa;
			sourceTree = "<group>";
		};
		350C8C7E1E1E8FF0003DE3F8 /* RCocoaTests */ = {
			isa = PBXGroup;
			children = (
				350C8C811E1E8FF0003DE3F8 /* Info.plist */,
				350C8C7F1E1E8FF0003DE3F8 /* RCEngineTests.m */,
				3552183B1ECB513A0011C53F /* RCharacterMatrixTests.m */,
				35D14D2B1ECB667300B77A3E /* RIntegerMatrixTests.m */,
				35B4B6481EC656DA00834E3F /* RIntegerVectorTests.m */,
				355218411ECB62AC0011C53F /* RLogicalMatrixTests.m */,
				355218391ECB512C0011C53F /* RMatrixTests.m */,
				352BEE6C1ECB6AFC00D1166B /* RRealMatrixTests.m */,
				35A231591EA010EF008AA1EF /* RSymbolicExpressionTests.m */,
				35380DDE1EBA28F700AF2E49 /* RVectorTests.m */,
				35B564F11ECB9779003F347E /* RDataFrameTests.m */,
			);
			path = RCocoaTests;
			sourceTree = "<group>";
		};
/* End PBXGroup section */

/* Begin PBXHeadersBuildPhase section */
		350C8C6D1E1E8FEF003DE3F8 /* Headers */ = {
			isa = PBXHeadersBuildPhase;
			buildActionMask = 2147483647;
			files = (
				35A231531EA00DC7008AA1EF /* RCEngine.h in Headers */,
				3500D24B1EBCD35700BCB198 /* RCCharacterMatrix.h in Headers */,
				3500D24A1EBCD34F00BCB198 /* RCIntegerVector.h in Headers */,
				353870511ECD45D000B253F2 /* RCDataFrame.h in Headers */,
				3500D24C1EBCD35C00BCB198 /* RCVector.h in Headers */,
				35594B201EBCE0F200DD15C8 /* RCSymbolicExpression.h in Headers */,
				353870521ECD45D600B253F2 /* RCIntegerMatrix.h in Headers */,
				35A231571EA00DC7008AA1EF /* RSEXP.h in Headers */,
				352BEE691ECB6A9000D1166B /* RCRealMatrix.h in Headers */,
				353870501ECD45C900B253F2 /* RCLogicalMatrix.h in Headers */,
				350C8C741E1E8FEF003DE3F8 /* RCocoa.h in Headers */,
				35A231551EA00DC7008AA1EF /* Rinit.h in Headers */,
				350155441EF9AD6C00AE80F7 /* RCFunction.h in Headers */,
				350155411EF9AD6000AE80F7 /* RCSpecialFunction.h in Headers */,
				350155421EF9AD6400AE80F7 /* RCBuiltinFunction.h in Headers */,
				350155431EF9AD6900AE80F7 /* RCClosure.h in Headers */,
				3500D24D1EBCD36100BCB198 /* RCMatrix.h in Headers */,
			);
			runOnlyForDeploymentPostprocessing = 0;
		};
/* End PBXHeadersBuildPhase section */

/* Begin PBXNativeTarget section */
		350C8C6F1E1E8FEF003DE3F8 /* RCocoa */ = {
			isa = PBXNativeTarget;
			buildConfigurationList = 350C8C841E1E8FF0003DE3F8 /* Build configuration list for PBXNativeTarget "RCocoa" */;
			buildPhases = (
				350C8C6B1E1E8FEF003DE3F8 /* Sources */,
				350C8C6C1E1E8FEF003DE3F8 /* Frameworks */,
				350C8C6D1E1E8FEF003DE3F8 /* Headers */,
				350C8C6E1E1E8FEF003DE3F8 /* Resources */,
			);
			buildRules = (
			);
			dependencies = (
			);
			name = RCocoa;
			productName = RAutomation;
			productReference = 350C8C701E1E8FEF003DE3F8 /* RCocoa.framework */;
			productType = "com.apple.product-type.framework";
		};
		350C8C791E1E8FF0003DE3F8 /* RCocoaTests */ = {
			isa = PBXNativeTarget;
			buildConfigurationList = 350C8C871E1E8FF0003DE3F8 /* Build configuration list for PBXNativeTarget "RCocoaTests" */;
			buildPhases = (
				350C8C761E1E8FF0003DE3F8 /* Sources */,
				350C8C771E1E8FF0003DE3F8 /* Frameworks */,
				350C8C781E1E8FF0003DE3F8 /* Resources */,
			);
			buildRules = (
			);
			dependencies = (
				350C8C7D1E1E8FF0003DE3F8 /* PBXTargetDependency */,
			);
			name = RCocoaTests;
			productName = RAutomationTests;
			productReference = 350C8C7A1E1E8FF0003DE3F8 /* RCocoa.xctest */;
			productType = "com.apple.product-type.bundle.unit-test";
		};
/* End PBXNativeTarget section */

/* Begin PBXProject section */
		350C8C671E1E8FEF003DE3F8 /* Project object */ = {
			isa = PBXProject;
			attributes = {
				CLASSPREFIX = RC;
				LastUpgradeCheck = 0720;
				ORGANIZATIONNAME = "Northwestern University";
				TargetAttributes = {
					350C8C6F1E1E8FEF003DE3F8 = {
						CreatedOnToolsVersion = 7.2.1;
					};
					350C8C791E1E8FF0003DE3F8 = {
						CreatedOnToolsVersion = 7.2.1;
					};
				};
			};
			buildConfigurationList = 350C8C6A1E1E8FEF003DE3F8 /* Build configuration list for PBXProject "RCocoa" */;
			compatibilityVersion = "Xcode 3.2";
			developmentRegion = English;
			hasScannedForEncodings = 0;
			knownRegions = (
				en,
			);
			mainGroup = 350C8C661E1E8FEF003DE3F8;
			productRefGroup = 350C8C711E1E8FEF003DE3F8 /* Products */;
			projectDirPath = "";
			projectRoot = "";
			targets = (
				350C8C6F1E1E8FEF003DE3F8 /* RCocoa */,
				350C8C791E1E8FF0003DE3F8 /* RCocoaTests */,
			);
		};
/* End PBXProject section */

/* Begin PBXResourcesBuildPhase section */
		350C8C6E1E1E8FEF003DE3F8 /* Resources */ = {
			isa = PBXResourcesBuildPhase;
			buildActionMask = 2147483647;
			files = (
			);
			runOnlyForDeploymentPostprocessing = 0;
		};
		350C8C781E1E8FF0003DE3F8 /* Resources */ = {
			isa = PBXResourcesBuildPhase;
			buildActionMask = 2147483647;
			files = (
			);
			runOnlyForDeploymentPostprocessing = 0;
		};
/* End PBXResourcesBuildPhase section */

/* Begin PBXSourcesBuildPhase section */
		350C8C6B1E1E8FEF003DE3F8 /* Sources */ = {
			isa = PBXSourcesBuildPhase;
			buildActionMask = 2147483647;
			files = (
				3501553C1EF8627800AE80F7 /* RCBuiltinFunction.m in Sources */,
				35D14D2A1ECB660600B77A3E /* RCIntegerMatrix.m in Sources */,
				350155401EF8629C00AE80F7 /* RCSpecialFunction.m in Sources */,
				35A231581EA00DC7008AA1EF /* RSEXP.m in Sources */,
				3501553A1EF8626D00AE80F7 /* RCClosure.m in Sources */,
				35380DD91EBA246100AF2E49 /* RCCharacterMatrix.m in Sources */,
				3552183F1ECB615C0011C53F /* RCLogicalMatrix.m in Sources */,
				35A231541EA00DC7008AA1EF /* RCEngine.m in Sources */,
				355F5B511EBA6D4F007248C4 /* RCMatrix.m in Sources */,
				350F872B1E7C6EAE00796EE3 /* RCocoa.m in Sources */,
				35A231561EA00DC7008AA1EF /* Rinit.m in Sources */,
				352BEE6B1ECB6A9700D1166B /* RCRealMatrix.m in Sources */,
				35B564EF1ECB9653003F347E /* RCDataFrame.m in Sources */,
				35A231481EA00CC4008AA1EF /* RCSymbolicExpression.m in Sources */,
				35380DD71EBA244000AF2E49 /* RCIntegerVector.m in Sources */,
				350155371EF85EA200AE80F7 /* RCFunction.m in Sources */,
				35380DDD1EBA25D100AF2E49 /* RCVector.m in Sources */,
			);
			runOnlyForDeploymentPostprocessing = 0;
		};
		350C8C761E1E8FF0003DE3F8 /* Sources */ = {
			isa = PBXSourcesBuildPhase;
			buildActionMask = 2147483647;
			files = (
				35B564F21ECB9779003F347E /* RDataFrameTests.m in Sources */,
				35D14D2C1ECB667300B77A3E /* RIntegerMatrixTests.m in Sources */,
				35A2315A1EA010EF008AA1EF /* RSymbolicExpressionTests.m in Sources */,
				350C8C801E1E8FF0003DE3F8 /* RCEngineTests.m in Sources */,
				35B4B6491EC656DA00834E3F /* RIntegerVectorTests.m in Sources */,
				355218421ECB62AC0011C53F /* RLogicalMatrixTests.m in Sources */,
				3552183A1ECB512C0011C53F /* RMatrixTests.m in Sources */,
				35380DDF1EBA28F700AF2E49 /* RVectorTests.m in Sources */,
				3552183C1ECB513A0011C53F /* RCharacterMatrixTests.m in Sources */,
				352BEE6D1ECB6AFC00D1166B /* RRealMatrixTests.m in Sources */,
			);
			runOnlyForDeploymentPostprocessing = 0;
		};
/* End PBXSourcesBuildPhase section */

/* Begin PBXTargetDependency section */
		350C8C7D1E1E8FF0003DE3F8 /* PBXTargetDependency */ = {
			isa = PBXTargetDependency;
			target = 350C8C6F1E1E8FEF003DE3F8 /* RCocoa */;
			targetProxy = 350C8C7C1E1E8FF0003DE3F8 /* PBXContainerItemProxy */;
		};
/* End PBXTargetDependency section */

/* Begin XCBuildConfiguration section */
		350C8C821E1E8FF0003DE3F8 /* Debug */ = {
			isa = XCBuildConfiguration;
			buildSettings = {
				ALWAYS_SEARCH_USER_PATHS = NO;
				ARCHS = "$(ARCHS_STANDARD)";
				CLANG_CXX_LANGUAGE_STANDARD = "gnu++0x";
				CLANG_CXX_LIBRARY = "libc++";
				CLANG_ENABLE_MODULES = YES;
				CLANG_ENABLE_OBJC_ARC = NO;
				CLANG_WARN_BOOL_CONVERSION = YES;
				CLANG_WARN_CONSTANT_CONVERSION = YES;
				CLANG_WARN_DIRECT_OBJC_ISA_USAGE = YES_ERROR;
				CLANG_WARN_EMPTY_BODY = YES;
				CLANG_WARN_ENUM_CONVERSION = YES;
				CLANG_WARN_INT_CONVERSION = YES;
				CLANG_WARN_OBJC_ROOT_CLASS = YES_ERROR;
				CLANG_WARN_UNREACHABLE_CODE = YES;
				CLANG_WARN__DUPLICATE_METHOD_MATCH = YES;
				CODE_SIGN_IDENTITY = "-";
				COPY_PHASE_STRIP = NO;
				CURRENT_PROJECT_VERSION = 1;
				DEBUG_INFORMATION_FORMAT = dwarf;
				ENABLE_STRICT_OBJC_MSGSEND = YES;
				ENABLE_TESTABILITY = YES;
				GCC_C_LANGUAGE_STANDARD = gnu99;
				GCC_DYNAMIC_NO_PIC = NO;
				GCC_NO_COMMON_BLOCKS = YES;
				GCC_OPTIMIZATION_LEVEL = 0;
				GCC_PREPROCESSOR_DEFINITIONS = (
					"DEBUG=1",
					"$(inherited)",
				);
				GCC_WARN_64_TO_32_BIT_CONVERSION = YES;
				GCC_WARN_ABOUT_RETURN_TYPE = YES_ERROR;
				GCC_WARN_UNDECLARED_SELECTOR = YES;
				GCC_WARN_UNINITIALIZED_AUTOS = YES_AGGRESSIVE;
				GCC_WARN_UNUSED_FUNCTION = YES;
				GCC_WARN_UNUSED_VARIABLE = YES;
				MACOSX_DEPLOYMENT_TARGET = 10.10;
				MTL_ENABLE_DEBUG_INFO = YES;
				ONLY_ACTIVE_ARCH = YES;
				SDKROOT = macosx10.10;
				VERSIONING_SYSTEM = "apple-generic";
				VERSION_INFO_PREFIX = "";
			};
			name = Debug;
		};
		350C8C831E1E8FF0003DE3F8 /* Release */ = {
			isa = XCBuildConfiguration;
			buildSettings = {
				ALWAYS_SEARCH_USER_PATHS = NO;
				ARCHS = "$(ARCHS_STANDARD)";
				CLANG_CXX_LANGUAGE_STANDARD = "gnu++0x";
				CLANG_CXX_LIBRARY = "libc++";
				CLANG_ENABLE_MODULES = YES;
				CLANG_ENABLE_OBJC_ARC = NO;
				CLANG_WARN_BOOL_CONVERSION = YES;
				CLANG_WARN_CONSTANT_CONVERSION = YES;
				CLANG_WARN_DIRECT_OBJC_ISA_USAGE = YES_ERROR;
				CLANG_WARN_EMPTY_BODY = YES;
				CLANG_WARN_ENUM_CONVERSION = YES;
				CLANG_WARN_INT_CONVERSION = YES;
				CLANG_WARN_OBJC_ROOT_CLASS = YES_ERROR;
				CLANG_WARN_UNREACHABLE_CODE = YES;
				CLANG_WARN__DUPLICATE_METHOD_MATCH = YES;
				CODE_SIGN_IDENTITY = "-";
				COPY_PHASE_STRIP = NO;
				CURRENT_PROJECT_VERSION = 1;
				DEBUG_INFORMATION_FORMAT = "dwarf-with-dsym";
				ENABLE_NS_ASSERTIONS = NO;
				ENABLE_STRICT_OBJC_MSGSEND = YES;
				GCC_C_LANGUAGE_STANDARD = gnu99;
				GCC_NO_COMMON_BLOCKS = YES;
				GCC_WARN_64_TO_32_BIT_CONVERSION = YES;
				GCC_WARN_ABOUT_RETURN_TYPE = YES_ERROR;
				GCC_WARN_UNDECLARED_SELECTOR = YES;
				GCC_WARN_UNINITIALIZED_AUTOS = YES_AGGRESSIVE;
				GCC_WARN_UNUSED_FUNCTION = YES;
				GCC_WARN_UNUSED_VARIABLE = YES;
				MACOSX_DEPLOYMENT_TARGET = 10.10;
				MTL_ENABLE_DEBUG_INFO = NO;
				SDKROOT = macosx10.10;
				VERSIONING_SYSTEM = "apple-generic";
				VERSION_INFO_PREFIX = "";
			};
			name = Release;
		};
		350C8C851E1E8FF0003DE3F8 /* Debug */ = {
			isa = XCBuildConfiguration;
			buildSettings = {
				ARCHS = "$(ARCHS_STANDARD)";
				CLANG_CXX_LANGUAGE_STANDARD = "compiler-default";
				CLANG_CXX_LIBRARY = "compiler-default";
				CLANG_ENABLE_MODULES = NO;
				CLANG_ENABLE_OBJC_ARC = NO;
				CODE_SIGN_IDENTITY = "";
				COMBINE_HIDPI_IMAGES = YES;
				DEFINES_MODULE = YES;
				DYLIB_COMPATIBILITY_VERSION = 1;
				DYLIB_CURRENT_VERSION = 1;
				DYLIB_INSTALL_NAME_BASE = "@rpath";
				FRAMEWORK_SEARCH_PATHS = (
					"$(inherited)",
					"$(LOCAL_LIBRARY_DIR)/Frameworks",
				);
				FRAMEWORK_VERSION = A;
				GCC_NO_COMMON_BLOCKS = NO;
				GCC_PRECOMPILE_PREFIX_HEADER = NO;
				GCC_PREFIX_HEADER = "";
				GCC_SYMBOLS_PRIVATE_EXTERN = YES;
				HEADER_SEARCH_PATHS = /Library/Frameworks/R.framework/Headers;
				INFOPLIST_FILE = RCocoa/Info.plist;
				INSTALL_PATH = "$(LOCAL_LIBRARY_DIR)/Frameworks";
				LD_RUNPATH_SEARCH_PATHS = "$(inherited) @executable_path/../Frameworks @loader_path/Frameworks /Library/Frameworks";
				MACOSX_DEPLOYMENT_TARGET = 10.10;
				OTHER_LDFLAGS = (
					"-F/Library/Frameworks",
					"-framework",
					R,
				);
				PRODUCT_BUNDLE_IDENTIFIER = StatTag.RCocoa;
				PRODUCT_NAME = RCocoa;
				SDKROOT = macosx10.11;
				SKIP_INSTALL = YES;
			};
			name = Debug;
		};
		350C8C861E1E8FF0003DE3F8 /* Release */ = {
			isa = XCBuildConfiguration;
			buildSettings = {
				ARCHS = "$(ARCHS_STANDARD)";
				CLANG_CXX_LANGUAGE_STANDARD = "compiler-default";
				CLANG_CXX_LIBRARY = "compiler-default";
				CLANG_ENABLE_MODULES = NO;
				CLANG_ENABLE_OBJC_ARC = NO;
				CODE_SIGN_IDENTITY = "";
				COMBINE_HIDPI_IMAGES = YES;
				DEFINES_MODULE = YES;
				DYLIB_COMPATIBILITY_VERSION = 1;
				DYLIB_CURRENT_VERSION = 1;
				DYLIB_INSTALL_NAME_BASE = "@rpath";
				FRAMEWORK_SEARCH_PATHS = (
					"$(inherited)",
					"$(LOCAL_LIBRARY_DIR)/Frameworks",
				);
				FRAMEWORK_VERSION = A;
				GCC_NO_COMMON_BLOCKS = NO;
				GCC_OPTIMIZATION_LEVEL = 3;
				GCC_PRECOMPILE_PREFIX_HEADER = NO;
				GCC_PREFIX_HEADER = "";
				GCC_SYMBOLS_PRIVATE_EXTERN = YES;
				HEADER_SEARCH_PATHS = /Library/Frameworks/R.framework/Headers;
				INFOPLIST_FILE = RCocoa/Info.plist;
				INSTALL_PATH = "$(LOCAL_LIBRARY_DIR)/Frameworks";
				LD_RUNPATH_SEARCH_PATHS = "$(inherited) @executable_path/../Frameworks @loader_path/Frameworks /Library/Frameworks";
				MACOSX_DEPLOYMENT_TARGET = 10.10;
				OTHER_LDFLAGS = (
					"-F/Library/Frameworks",
					"-framework",
					R,
				);
				PRODUCT_BUNDLE_IDENTIFIER = StatTag.RCocoa;
				PRODUCT_NAME = RCocoa;
				SDKROOT = macosx10.11;
				SKIP_INSTALL = YES;
			};
			name = Release;
		};
		350C8C881E1E8FF0003DE3F8 /* Debug */ = {
			isa = XCBuildConfiguration;
			buildSettings = {
				ARCHS = "$(ARCHS_STANDARD)";
				CLANG_CXX_LANGUAGE_STANDARD = "compiler-default";
				CLANG_CXX_LIBRARY = "compiler-default";
				CLANG_ENABLE_MODULES = NO;
				CODE_SIGN_IDENTITY = "";
				COMBINE_HIDPI_IMAGES = YES;
				DEFINES_MODULE = YES;
				FRAMEWORK_SEARCH_PATHS = (
					/Library/Frameworks,
					"$(PROJECT_DIR)",
				);
				GCC_NO_COMMON_BLOCKS = NO;
				GCC_SYMBOLS_PRIVATE_EXTERN = YES;
				HEADER_SEARCH_PATHS = (
					"$(inherited)",
					/Library/Frameworks/R.framework/Headers,
				);
				INFOPLIST_FILE = RCocoaTests/Info.plist;
				LD_RUNPATH_SEARCH_PATHS = "$(inherited) @executable_path/../Frameworks @loader_path/../Frameworks";
				OTHER_LDFLAGS = (
					"-ObjC",
					"-F/Library/Frameworks",
					"-framework",
					R,
				);
				PRODUCT_BUNDLE_IDENTIFIER = StatTag.RCocoaTests;
				PRODUCT_NAME = RCocoa;
				SDKROOT = macosx10.11;
			};
			name = Debug;
		};
		350C8C891E1E8FF0003DE3F8 /* Release */ = {
			isa = XCBuildConfiguration;
			buildSettings = {
				ARCHS = "$(ARCHS_STANDARD)";
				CLANG_CXX_LANGUAGE_STANDARD = "compiler-default";
				CLANG_CXX_LIBRARY = "compiler-default";
				CLANG_ENABLE_MODULES = NO;
				CODE_SIGN_IDENTITY = "";
				COMBINE_HIDPI_IMAGES = YES;
				DEFINES_MODULE = YES;
				FRAMEWORK_SEARCH_PATHS = (
					/Library/Frameworks,
					"$(PROJECT_DIR)",
				);
				GCC_NO_COMMON_BLOCKS = NO;
				GCC_OPTIMIZATION_LEVEL = 3;
				GCC_SYMBOLS_PRIVATE_EXTERN = YES;
				HEADER_SEARCH_PATHS = (
					"$(inherited)",
					/Library/Frameworks/R.framework/Headers,
				);
				INFOPLIST_FILE = RCocoaTests/Info.plist;
				LD_RUNPATH_SEARCH_PATHS = "$(inherited) @executable_path/../Frameworks @loader_path/../Frameworks";
				OTHER_LDFLAGS = (
					"-ObjC",
					"-F/Library/Frameworks",
					"-framework",
					R,
				);
				PRODUCT_BUNDLE_IDENTIFIER = StatTag.RCocoaTests;
				PRODUCT_NAME = RCocoa;
				SDKROOT = macosx10.11;
			};
			name = Release;
		};
/* End XCBuildConfiguration section */

/* Begin XCConfigurationList section */
		350C8C6A1E1E8FEF003DE3F8 /* Build configuration list for PBXProject "RCocoa" */ = {
			isa = XCConfigurationList;
			buildConfigurations = (
				350C8C821E1E8FF0003DE3F8 /* Debug */,
				350C8C831E1E8FF0003DE3F8 /* Release */,
			);
			defaultConfigurationIsVisible = 0;
			defaultConfigurationName = Release;
		};
		350C8C841E1E8FF0003DE3F8 /* Build configuration list for PBXNativeTarget "RCocoa" */ = {
			isa = XCConfigurationList;
			buildConfigurations = (
				350C8C851E1E8FF0003DE3F8 /* Debug */,
				350C8C861E1E8FF0003DE3F8 /* Release */,
			);
			defaultConfigurationIsVisible = 0;
			defaultConfigurationName = Release;
		};
		350C8C871E1E8FF0003DE3F8 /* Build configuration list for PBXNativeTarget "RCocoaTests" */ = {
			isa = XCConfigurationList;
			buildConfigurations = (
				350C8C881E1E8FF0003DE3F8 /* Debug */,
				350C8C891E1E8FF0003DE3F8 /* Release */,
			);
			defaultConfigurationIsVisible = 0;
			defaultConfigurationName = Release;
		};
/* End XCConfigurationList section */
	};
	rootObject = 350C8C671E1E8FEF003DE3F8 /* Project object */;
}
